
Microsoft Visual Studio Solution File, Format Version 12.00
# Visual Studio Version 17
VisualStudioVersion = 17.1.32328.378
MinimumVisualStudioVersion = 10.0.40219.1
Project("{9A19103F-16F7-4668-BE54-9A1E7A4F7556}") = "ConsoleExtensions", "ConsoleExt\ConsoleExtensions.csproj", "{1E2BC1E9-D1AE-4F01-B31A-F406B0E27ECF}"
EndProject
Project("{9A19103F-16F7-4668-BE54-9A1E7A4F7556}") = "ReadLineExtensions", "ReadLineExtensions\ReadLineExtensions.csproj", "{5E8F1CF1-A4BA-4D51-847E-F4F2F1D7A01A}"
EndProject
Project("{9A19103F-16F7-4668-BE54-9A1E7A4F7556}") = "DommelExtensions", "DommelExtensions\DommelExtensions.csproj", "{DD81D3D5-1A53-4CE1-8936-2CA64429FF07}"
EndProject
Project("{FAE04EC0-301F-11D3-BF4B-00C04F79EFBC}") = "HostExtensions", "HostExtensions\HostExtensions.csproj", "{7C3FB256-795F-4AB3-BE00-F71B1C532C79}"
EndProject
Global
	GlobalSection(SolutionConfigurationPlatforms) = preSolution
		Debug|Any CPU = Debug|Any CPU
		Release|Any CPU = Release|Any CPU
	EndGlobalSection
	GlobalSection(ProjectConfigurationPlatforms) = postSolution
		{1E2BC1E9-D1AE-4F01-B31A-F406B0E27ECF}.Debug|Any CPU.ActiveCfg = Debug|Any CPU
		{1E2BC1E9-D1AE-4F01-B31A-F406B0E27ECF}.Debug|Any CPU.Build.0 = Debug|Any CPU
		{1E2BC1E9-D1AE-4F01-B31A-F406B0E27ECF}.Release|Any CPU.ActiveCfg = Release|Any CPU
		{1E2BC1E9-D1AE-4F01-B31A-F406B0E27ECF}.Release|Any CPU.Build.0 = Release|Any CPU
		{5E8F1CF1-A4BA-4D51-847E-F4F2F1D7A01A}.Debug|Any CPU.ActiveCfg = Debug|Any CPU
		{5E8F1CF1-A4BA-4D51-847E-F4F2F1D7A01A}.Debug|Any CPU.Build.0 = Debug|Any CPU
		{5E8F1CF1-A4BA-4D51-847E-F4F2F1D7A01A}.Release|Any CPU.ActiveCfg = Release|Any CPU
		{5E8F1CF1-A4BA-4D51-847E-F4F2F1D7A01A}.Release|Any CPU.Build.0 = Release|Any CPU
		{DD81D3D5-1A53-4CE1-8936-2CA64429FF07}.Debug|Any CPU.ActiveCfg = Debug|Any CPU
		{DD81D3D5-1A53-4CE1-8936-2CA64429FF07}.Debug|Any CPU.Build.0 = Debug|Any CPU
		{DD81D3D5-1A53-4CE1-8936-2CA64429FF07}.Release|Any CPU.ActiveCfg = Release|Any CPU
		{DD81D3D5-1A53-4CE1-8936-2CA64429FF07}.Release|Any CPU.Build.0 = Release|Any CPU
		{7C3FB256-795F-4AB3-BE00-F71B1C532C79}.Debug|Any CPU.ActiveCfg = Debug|Any CPU
		{7C3FB256-795F-4AB3-BE00-F71B1C532C79}.Debug|Any CPU.Build.0 = Debug|Any CPU
		{7C3FB256-795F-4AB3-BE00-F71B1C532C79}.Release|Any CPU.ActiveCfg = Release|Any CPU
		{7C3FB256-795F-4AB3-BE00-F71B1C532C79}.Release|Any CPU.Build.0 = Release|Any CPU
	EndGlobalSection
	GlobalSection(SolutionProperties) = preSolution
		HideSolutionNode = FALSE
	EndGlobalSection
	GlobalSection(ExtensibilityGlobals) = postSolution
		SolutionGuid = {4A9770AD-C855-486F-9D32-F0F544B5907C}
	EndGlobalSection
EndGlobal
